
Microsoft Visual Studio Solution File, Format Version 12.00
# Visual Studio Version 17
VisualStudioVersion = 17.7.34031.279
MinimumVisualStudioVersion = 10.0.40219.1
Project("{8BC9CEB8-8B4A-11D0-8D11-00A0C91BC942}") = "cw_sim", "cw_sim.vcxproj", "{0BA59D84-3F53-4048-A45E-F8C15953CFCE}"
EndProject
Global
	GlobalSection(SolutionConfigurationPlatforms) = preSolution
		Debug|x64 = Debug|x64
		Debug|x86 = Debug|x86
		Release|x64 = Release|x64
		Release|x86 = Release|x86
	EndGlobalSection
	GlobalSection(ProjectConfigurationPlatforms) = postSolution
		{0BA59D84-3F53-4048-A45E-F8C15953CFCE}.Debug|x64.ActiveCfg = Debug|x64
		{0BA59D84-3F53-4048-A45E-F8C15953CFCE}.Debug|x64.Build.0 = Debug|x64
		{0BA59D84-3F53-4048-A45E-F8C15953CFCE}.Debug|x86.ActiveCfg = Debug|Win32
		{0BA59D84-3F53-4048-A45E-F8C15953CFCE}.Debug|x86.Build.0 = Debug|Win32
		{0BA59D84-3F53-4048-A45E-F8C15953CFCE}.Release|x64.ActiveCfg = Release|x64
		{0BA59D84-3F53-4048-A45E-F8C15953CFCE}.Release|x64.Build.0 = Release|x64
		{0BA59D84-3F53-4048-A45E-F8C15953CFCE}.Release|x86.ActiveCfg = Release|Win32
		{0BA59D84-3F53-4048-A45E-F8C15953CFCE}.Release|x86.Build.0 = Release|Win32
	EndGlobalSection
	GlobalSection(SolutionProperties) = preSolution
		HideSolutionNode = FALSE
	EndGlobalSection
	GlobalSection(ExtensibilityGlobals) = postSolution
		SolutionGuid = {5185EB90-83A2-481E-BB04-0C42AC0EA509}
	EndGlobalSection
EndGlobal
